github.com/robmonte-org/org-private-printer v0.1.0 h1:+2+N3gXPqUmQW51xHRDPZpt3b+gL6U4jHlAt8cEKPoU=
github.com/robmonte-org/org-private-printer v0.1.0/go.mod h1:1k17e12WQHWd1s1gafDe07NiJyaojyao86Qjjv8sadI=
github.com/robmonte-org/org-private-printer-restricted v0.1.0 h1:r5OZccSdkPjZHETXtWd2l75mcfYkB2CW5/jz7DmEYqw=
github.com/robmonte-org/org-private-printer-restricted v0.1.0/go.mod h1:m7DPLBBe6rnoo/CVDUVtnsc/H+k5kSVHch2aSgFccJU=
