github.com/robmonte-org/org-printer-allowed v0.4.0 h1:a0NE8lFucmfTu9jQIXmGZ0+KATPWOgQIoqxDB/22hT8=
github.com/robmonte-org/org-printer-allowed v0.4.0/go.mod h1:zJUhHR6vFmzFUQ8K4JC7SaefK4tmsIS9QZ2oM2YW6rI=
github.com/robmonte-org/org-printer-restricted v0.3.0 h1:U6J00MlUE9QCSd4XHPSFG2lX1QBzV/UJa9a8hbD34hE=
github.com/robmonte-org/org-printer-restricted v0.3.0/go.mod h1:Epu0cVs6QYi3faEbG3UvTxdwI59mgb1mwN8nAn1rjlA=
